
Microsoft Visual Studio Solution File, Format Version 12.00
# Visual Studio Version 17
VisualStudioVersion = 17.0.32112.339
MinimumVisualStudioVersion = 10.0.40219.1
Project("{FAE04EC0-301F-11D3-BF4B-00C04F79EFBC}") = "Melkov_Frequency_Analysis", "Melkov_Frequency_Analysis.csproj", "{FFFCBD36-96AA-4283-88A4-425441FF8593}"
EndProject
Global
	GlobalSection(SolutionConfigurationPlatforms) = preSolution
		Debug|Any CPU = Debug|Any CPU
		Release|Any CPU = Release|Any CPU
	EndGlobalSection
	GlobalSection(ProjectConfigurationPlatforms) = postSolution
		{FFFCBD36-96AA-4283-88A4-425441FF8593}.Debug|Any CPU.ActiveCfg = Debug|Any CPU
		{FFFCBD36-96AA-4283-88A4-425441FF8593}.Debug|Any CPU.Build.0 = Debug|Any CPU
		{FFFCBD36-96AA-4283-88A4-425441FF8593}.Release|Any CPU.ActiveCfg = Release|Any CPU
		{FFFCBD36-96AA-4283-88A4-425441FF8593}.Release|Any CPU.Build.0 = Release|Any CPU
	EndGlobalSection
	GlobalSection(SolutionProperties) = preSolution
		HideSolutionNode = FALSE
	EndGlobalSection
	GlobalSection(ExtensibilityGlobals) = postSolution
		SolutionGuid = {0C07F12F-2F24-422D-8546-4D6EC133B7AD}
	EndGlobalSection
EndGlobal
